
Microsoft Visual Studio Solution File, Format Version 12.00
# Visual Studio Version 17
VisualStudioVersion = 17.8.34525.116
MinimumVisualStudioVersion = 10.0.40219.1
Project("{FAE04EC0-301F-11D3-BF4B-00C04F79EFBC}") = "Finally", "Finally\Finally.csproj", "{3E1AA77E-0BDB-451D-B9D4-080C18940503}"
EndProject
Global
	GlobalSection(SolutionConfigurationPlatforms) = preSolution
		Debug|Any CPU = Debug|Any CPU
		Release|Any CPU = Release|Any CPU
	EndGlobalSection
	GlobalSection(ProjectConfigurationPlatforms) = postSolution
		{3E1AA77E-0BDB-451D-B9D4-080C18940503}.Debug|Any CPU.ActiveCfg = Debug|Any CPU
		{3E1AA77E-0BDB-451D-B9D4-080C18940503}.Debug|Any CPU.Build.0 = Debug|Any CPU
		{3E1AA77E-0BDB-451D-B9D4-080C18940503}.Release|Any CPU.ActiveCfg = Release|Any CPU
		{3E1AA77E-0BDB-451D-B9D4-080C18940503}.Release|Any CPU.Build.0 = Release|Any CPU
	EndGlobalSection
	GlobalSection(SolutionProperties) = preSolution
		HideSolutionNode = FALSE
	EndGlobalSection
	GlobalSection(ExtensibilityGlobals) = postSolution
		SolutionGuid = {3629847A-AEF2-4FB0-8AF8-AD66E3DCD7FF}
	EndGlobalSection
EndGlobal
