
Microsoft Visual Studio Solution File, Format Version 12.00
# Visual Studio Version 17
VisualStudioVersion = 17.8.34525.116
MinimumVisualStudioVersion = 10.0.40219.1
Project("{FAE04EC0-301F-11D3-BF4B-00C04F79EFBC}") = "Excepciones", "Excepciones\Excepciones.csproj", "{8EAD1AF7-1AF0-416B-A0CD-96C3F6236ACA}"
EndProject
Global
	GlobalSection(SolutionConfigurationPlatforms) = preSolution
		Debug|Any CPU = Debug|Any CPU
		Release|Any CPU = Release|Any CPU
	EndGlobalSection
	GlobalSection(ProjectConfigurationPlatforms) = postSolution
		{8EAD1AF7-1AF0-416B-A0CD-96C3F6236ACA}.Debug|Any CPU.ActiveCfg = Debug|Any CPU
		{8EAD1AF7-1AF0-416B-A0CD-96C3F6236ACA}.Debug|Any CPU.Build.0 = Debug|Any CPU
		{8EAD1AF7-1AF0-416B-A0CD-96C3F6236ACA}.Release|Any CPU.ActiveCfg = Release|Any CPU
		{8EAD1AF7-1AF0-416B-A0CD-96C3F6236ACA}.Release|Any CPU.Build.0 = Release|Any CPU
	EndGlobalSection
	GlobalSection(SolutionProperties) = preSolution
		HideSolutionNode = FALSE
	EndGlobalSection
	GlobalSection(ExtensibilityGlobals) = postSolution
		SolutionGuid = {75970703-BAB2-470F-AEB7-876E6BAE459D}
	EndGlobalSection
EndGlobal
