
Microsoft Visual Studio Solution File, Format Version 12.00
# Visual Studio Version 17
VisualStudioVersion = 17.8.34525.116
MinimumVisualStudioVersion = 10.0.40219.1
Project("{FAE04EC0-301F-11D3-BF4B-00C04F79EFBC}") = "InterfacesPractica", "InterfacesPractica\InterfacesPractica.csproj", "{48B74085-8765-4B08-8C7E-8732F0643997}"
EndProject
Global
	GlobalSection(SolutionConfigurationPlatforms) = preSolution
		Debug|Any CPU = Debug|Any CPU
		Release|Any CPU = Release|Any CPU
	EndGlobalSection
	GlobalSection(ProjectConfigurationPlatforms) = postSolution
		{48B74085-8765-4B08-8C7E-8732F0643997}.Debug|Any CPU.ActiveCfg = Debug|Any CPU
		{48B74085-8765-4B08-8C7E-8732F0643997}.Debug|Any CPU.Build.0 = Debug|Any CPU
		{48B74085-8765-4B08-8C7E-8732F0643997}.Release|Any CPU.ActiveCfg = Release|Any CPU
		{48B74085-8765-4B08-8C7E-8732F0643997}.Release|Any CPU.Build.0 = Release|Any CPU
	EndGlobalSection
	GlobalSection(SolutionProperties) = preSolution
		HideSolutionNode = FALSE
	EndGlobalSection
	GlobalSection(ExtensibilityGlobals) = postSolution
		SolutionGuid = {F433ECAA-D9CD-4650-868F-5373A4C5ED38}
	EndGlobalSection
EndGlobal
