
Microsoft Visual Studio Solution File, Format Version 12.00
# Visual Studio Version 17
VisualStudioVersion = 17.8.34511.84
MinimumVisualStudioVersion = 10.0.40219.1
Project("{FAE04EC0-301F-11D3-BF4B-00C04F79EFBC}") = "Condicionales", "Condicionales\Condicionales.csproj", "{24875FEE-B51C-4103-AB3A-4286031D40CC}"
EndProject
Global
	GlobalSection(SolutionConfigurationPlatforms) = preSolution
		Debug|Any CPU = Debug|Any CPU
		Release|Any CPU = Release|Any CPU
	EndGlobalSection
	GlobalSection(ProjectConfigurationPlatforms) = postSolution
		{24875FEE-B51C-4103-AB3A-4286031D40CC}.Debug|Any CPU.ActiveCfg = Debug|Any CPU
		{24875FEE-B51C-4103-AB3A-4286031D40CC}.Debug|Any CPU.Build.0 = Debug|Any CPU
		{24875FEE-B51C-4103-AB3A-4286031D40CC}.Release|Any CPU.ActiveCfg = Release|Any CPU
		{24875FEE-B51C-4103-AB3A-4286031D40CC}.Release|Any CPU.Build.0 = Release|Any CPU
	EndGlobalSection
	GlobalSection(SolutionProperties) = preSolution
		HideSolutionNode = FALSE
	EndGlobalSection
	GlobalSection(ExtensibilityGlobals) = postSolution
		SolutionGuid = {C6CCCC05-9CFB-43A6-B2AC-1C7BB532AF28}
	EndGlobalSection
EndGlobal
