
Microsoft Visual Studio Solution File, Format Version 12.00
# Visual Studio Version 17
VisualStudioVersion = 17.9.34607.119
MinimumVisualStudioVersion = 10.0.40219.1
Project("{FAE04EC0-301F-11D3-BF4B-00C04F79EFBC}") = "RadioButton", "RadioButton\RadioButton.csproj", "{CC5DAF34-1D66-400C-9F64-9C16630ECCCB}"
EndProject
Global
	GlobalSection(SolutionConfigurationPlatforms) = preSolution
		Debug|Any CPU = Debug|Any CPU
		Release|Any CPU = Release|Any CPU
	EndGlobalSection
	GlobalSection(ProjectConfigurationPlatforms) = postSolution
		{CC5DAF34-1D66-400C-9F64-9C16630ECCCB}.Debug|Any CPU.ActiveCfg = Debug|Any CPU
		{CC5DAF34-1D66-400C-9F64-9C16630ECCCB}.Debug|Any CPU.Build.0 = Debug|Any CPU
		{CC5DAF34-1D66-400C-9F64-9C16630ECCCB}.Release|Any CPU.ActiveCfg = Release|Any CPU
		{CC5DAF34-1D66-400C-9F64-9C16630ECCCB}.Release|Any CPU.Build.0 = Release|Any CPU
	EndGlobalSection
	GlobalSection(SolutionProperties) = preSolution
		HideSolutionNode = FALSE
	EndGlobalSection
	GlobalSection(ExtensibilityGlobals) = postSolution
		SolutionGuid = {64FD7CA5-3A2A-4BB4-BEC6-45E8D709E56F}
	EndGlobalSection
EndGlobal
