
Microsoft Visual Studio Solution File, Format Version 12.00
# Visual Studio Version 17
VisualStudioVersion = 17.8.34525.116
MinimumVisualStudioVersion = 10.0.40219.1
Project("{FAE04EC0-301F-11D3-BF4B-00C04F79EFBC}") = "Enum", "Enum\Enum.csproj", "{0733E51E-4F17-47BD-B0E8-07859C8102F4}"
EndProject
Global
	GlobalSection(SolutionConfigurationPlatforms) = preSolution
		Debug|Any CPU = Debug|Any CPU
		Release|Any CPU = Release|Any CPU
	EndGlobalSection
	GlobalSection(ProjectConfigurationPlatforms) = postSolution
		{0733E51E-4F17-47BD-B0E8-07859C8102F4}.Debug|Any CPU.ActiveCfg = Debug|Any CPU
		{0733E51E-4F17-47BD-B0E8-07859C8102F4}.Debug|Any CPU.Build.0 = Debug|Any CPU
		{0733E51E-4F17-47BD-B0E8-07859C8102F4}.Release|Any CPU.ActiveCfg = Release|Any CPU
		{0733E51E-4F17-47BD-B0E8-07859C8102F4}.Release|Any CPU.Build.0 = Release|Any CPU
	EndGlobalSection
	GlobalSection(SolutionProperties) = preSolution
		HideSolutionNode = FALSE
	EndGlobalSection
	GlobalSection(ExtensibilityGlobals) = postSolution
		SolutionGuid = {50C4E5CF-835B-4290-A88A-C8CE808D5550}
	EndGlobalSection
EndGlobal
