
Microsoft Visual Studio Solution File, Format Version 12.00
# Visual Studio Version 17
VisualStudioVersion = 17.9.34607.119
MinimumVisualStudioVersion = 10.0.40219.1
Project("{FAE04EC0-301F-11D3-BF4B-00C04F79EFBC}") = "ExpresionesRegulares", "ExpresionesRegulares\ExpresionesRegulares.csproj", "{6439C485-3B8D-42C9-9EDF-5DB2F152F76E}"
EndProject
Global
	GlobalSection(SolutionConfigurationPlatforms) = preSolution
		Debug|Any CPU = Debug|Any CPU
		Release|Any CPU = Release|Any CPU
	EndGlobalSection
	GlobalSection(ProjectConfigurationPlatforms) = postSolution
		{6439C485-3B8D-42C9-9EDF-5DB2F152F76E}.Debug|Any CPU.ActiveCfg = Debug|Any CPU
		{6439C485-3B8D-42C9-9EDF-5DB2F152F76E}.Debug|Any CPU.Build.0 = Debug|Any CPU
		{6439C485-3B8D-42C9-9EDF-5DB2F152F76E}.Release|Any CPU.ActiveCfg = Release|Any CPU
		{6439C485-3B8D-42C9-9EDF-5DB2F152F76E}.Release|Any CPU.Build.0 = Release|Any CPU
	EndGlobalSection
	GlobalSection(SolutionProperties) = preSolution
		HideSolutionNode = FALSE
	EndGlobalSection
	GlobalSection(ExtensibilityGlobals) = postSolution
		SolutionGuid = {111DA29A-553B-49DE-8050-E03B7C611E09}
	EndGlobalSection
EndGlobal
