
Microsoft Visual Studio Solution File, Format Version 12.00
# Visual Studio Version 17
VisualStudioVersion = 17.8.34525.116
MinimumVisualStudioVersion = 10.0.40219.1
Project("{FAE04EC0-301F-11D3-BF4B-00C04F79EFBC}") = "POOCoche", "POOCoche\POOCoche.csproj", "{6274A102-63CC-4082-A59D-2D8AEF09A1D9}"
EndProject
Global
	GlobalSection(SolutionConfigurationPlatforms) = preSolution
		Debug|Any CPU = Debug|Any CPU
		Release|Any CPU = Release|Any CPU
	EndGlobalSection
	GlobalSection(ProjectConfigurationPlatforms) = postSolution
		{6274A102-63CC-4082-A59D-2D8AEF09A1D9}.Debug|Any CPU.ActiveCfg = Debug|Any CPU
		{6274A102-63CC-4082-A59D-2D8AEF09A1D9}.Debug|Any CPU.Build.0 = Debug|Any CPU
		{6274A102-63CC-4082-A59D-2D8AEF09A1D9}.Release|Any CPU.ActiveCfg = Release|Any CPU
		{6274A102-63CC-4082-A59D-2D8AEF09A1D9}.Release|Any CPU.Build.0 = Release|Any CPU
	EndGlobalSection
	GlobalSection(SolutionProperties) = preSolution
		HideSolutionNode = FALSE
	EndGlobalSection
	GlobalSection(ExtensibilityGlobals) = postSolution
		SolutionGuid = {F1B4C296-C64B-4BD6-836C-91882F779D7A}
	EndGlobalSection
EndGlobal
