
Microsoft Visual Studio Solution File, Format Version 12.00
# Visual Studio Version 17
VisualStudioVersion = 17.9.34607.119
MinimumVisualStudioVersion = 10.0.40219.1
Project("{FAE04EC0-301F-11D3-BF4B-00C04F79EFBC}") = "ColeccionesStackDictionary", "ColeccionesStackDictionary\ColeccionesStackDictionary.csproj", "{CE56CE2B-583A-4112-9AE7-0C8927C5DCC5}"
EndProject
Global
	GlobalSection(SolutionConfigurationPlatforms) = preSolution
		Debug|Any CPU = Debug|Any CPU
		Release|Any CPU = Release|Any CPU
	EndGlobalSection
	GlobalSection(ProjectConfigurationPlatforms) = postSolution
		{CE56CE2B-583A-4112-9AE7-0C8927C5DCC5}.Debug|Any CPU.ActiveCfg = Debug|Any CPU
		{CE56CE2B-583A-4112-9AE7-0C8927C5DCC5}.Debug|Any CPU.Build.0 = Debug|Any CPU
		{CE56CE2B-583A-4112-9AE7-0C8927C5DCC5}.Release|Any CPU.ActiveCfg = Release|Any CPU
		{CE56CE2B-583A-4112-9AE7-0C8927C5DCC5}.Release|Any CPU.Build.0 = Release|Any CPU
	EndGlobalSection
	GlobalSection(SolutionProperties) = preSolution
		HideSolutionNode = FALSE
	EndGlobalSection
	GlobalSection(ExtensibilityGlobals) = postSolution
		SolutionGuid = {F2A990CF-2E8F-44C6-9CC2-06E16EBE00B7}
	EndGlobalSection
EndGlobal
