
Microsoft Visual Studio Solution File, Format Version 12.00
# Visual Studio Version 17
VisualStudioVersion = 17.8.34525.116
MinimumVisualStudioVersion = 10.0.40219.1
Project("{FAE04EC0-301F-11D3-BF4B-00C04F79EFBC}") = "Destructores", "Destructores\Destructores.csproj", "{316E7EAC-5BB3-4D80-9100-A823679E335F}"
EndProject
Global
	GlobalSection(SolutionConfigurationPlatforms) = preSolution
		Debug|Any CPU = Debug|Any CPU
		Release|Any CPU = Release|Any CPU
	EndGlobalSection
	GlobalSection(ProjectConfigurationPlatforms) = postSolution
		{316E7EAC-5BB3-4D80-9100-A823679E335F}.Debug|Any CPU.ActiveCfg = Debug|Any CPU
		{316E7EAC-5BB3-4D80-9100-A823679E335F}.Debug|Any CPU.Build.0 = Debug|Any CPU
		{316E7EAC-5BB3-4D80-9100-A823679E335F}.Release|Any CPU.ActiveCfg = Release|Any CPU
		{316E7EAC-5BB3-4D80-9100-A823679E335F}.Release|Any CPU.Build.0 = Release|Any CPU
	EndGlobalSection
	GlobalSection(SolutionProperties) = preSolution
		HideSolutionNode = FALSE
	EndGlobalSection
	GlobalSection(ExtensibilityGlobals) = postSolution
		SolutionGuid = {652CA7FA-FAFB-4A9E-9551-1F24E8B63BE8}
	EndGlobalSection
EndGlobal
