
Microsoft Visual Studio Solution File, Format Version 12.00
# Visual Studio Version 17
VisualStudioVersion = 17.8.34511.84
MinimumVisualStudioVersion = 10.0.40219.1
Project("{FAE04EC0-301F-11D3-BF4B-00C04F79EFBC}") = "SintaxisBasica", "SintaxisBasica\SintaxisBasica.csproj", "{3A49CA87-16F1-4CFE-AD23-7773F631E513}"
EndProject
Global
	GlobalSection(SolutionConfigurationPlatforms) = preSolution
		Debug|Any CPU = Debug|Any CPU
		Release|Any CPU = Release|Any CPU
	EndGlobalSection
	GlobalSection(ProjectConfigurationPlatforms) = postSolution
		{3A49CA87-16F1-4CFE-AD23-7773F631E513}.Debug|Any CPU.ActiveCfg = Debug|Any CPU
		{3A49CA87-16F1-4CFE-AD23-7773F631E513}.Debug|Any CPU.Build.0 = Debug|Any CPU
		{3A49CA87-16F1-4CFE-AD23-7773F631E513}.Release|Any CPU.ActiveCfg = Release|Any CPU
		{3A49CA87-16F1-4CFE-AD23-7773F631E513}.Release|Any CPU.Build.0 = Release|Any CPU
	EndGlobalSection
	GlobalSection(SolutionProperties) = preSolution
		HideSolutionNode = FALSE
	EndGlobalSection
	GlobalSection(ExtensibilityGlobals) = postSolution
		SolutionGuid = {00D24A79-47C7-40EB-AC21-41418238EF06}
	EndGlobalSection
EndGlobal
